
Microsoft Visual Studio Solution File, Format Version 12.00
# Visual Studio Version 17
VisualStudioVersion = 17.7.34202.233
MinimumVisualStudioVersion = 10.0.40219.1
Project("{FAE04EC0-301F-11D3-BF4B-00C04F79EFBC}") = "Zapisnaya", "Zapisnaya\Zapisnaya.csproj", "{6EA47598-449E-4E53-888A-129554161B7D}"
EndProject
Project("{54435603-DBB4-11D2-8724-00A0C9A8B90C}") = "CallBookInstaller", "CallBookInstaller\CallBookInstaller.vdproj", "{F2250F7E-5B56-4393-A8A9-634883638F8F}"
EndProject
Global
	GlobalSection(SolutionConfigurationPlatforms) = preSolution
		Debug|Any CPU = Debug|Any CPU
		Release|Any CPU = Release|Any CPU
	EndGlobalSection
	GlobalSection(ProjectConfigurationPlatforms) = postSolution
		{6EA47598-449E-4E53-888A-129554161B7D}.Debug|Any CPU.ActiveCfg = Debug|Any CPU
		{6EA47598-449E-4E53-888A-129554161B7D}.Debug|Any CPU.Build.0 = Debug|Any CPU
		{6EA47598-449E-4E53-888A-129554161B7D}.Release|Any CPU.ActiveCfg = Release|Any CPU
		{6EA47598-449E-4E53-888A-129554161B7D}.Release|Any CPU.Build.0 = Release|Any CPU
		{F2250F7E-5B56-4393-A8A9-634883638F8F}.Debug|Any CPU.ActiveCfg = Debug
		{F2250F7E-5B56-4393-A8A9-634883638F8F}.Release|Any CPU.ActiveCfg = Release
	EndGlobalSection
	GlobalSection(SolutionProperties) = preSolution
		HideSolutionNode = FALSE
	EndGlobalSection
	GlobalSection(ExtensibilityGlobals) = postSolution
		SolutionGuid = {C72A4E0A-3FD5-4DED-93AB-CBBA057E1338}
	EndGlobalSection
EndGlobal
